
Microsoft Visual Studio Solution File, Format Version 12.00
# Visual Studio Version 16
VisualStudioVersion = 16.0.31410.357
MinimumVisualStudioVersion = 10.0.40219.1
Project("{8BC9CEB8-8B4A-11D0-8D11-00A0C91BC942}") = "ConsoleApplication2", "ConsoleApplication2.vcxproj", "{0F46A2E6-B0C9-4497-AE72-F5EC04C6707D}"
EndProject
Global
	GlobalSection(SolutionConfigurationPlatforms) = preSolution
		Debug|x64 = Debug|x64
		Debug|x86 = Debug|x86
		Release|x64 = Release|x64
		Release|x86 = Release|x86
	EndGlobalSection
	GlobalSection(ProjectConfigurationPlatforms) = postSolution
		{0F46A2E6-B0C9-4497-AE72-F5EC04C6707D}.Debug|x64.ActiveCfg = Debug|x64
		{0F46A2E6-B0C9-4497-AE72-F5EC04C6707D}.Debug|x64.Build.0 = Debug|x64
		{0F46A2E6-B0C9-4497-AE72-F5EC04C6707D}.Debug|x86.ActiveCfg = Debug|Win32
		{0F46A2E6-B0C9-4497-AE72-F5EC04C6707D}.Debug|x86.Build.0 = Debug|Win32
		{0F46A2E6-B0C9-4497-AE72-F5EC04C6707D}.Release|x64.ActiveCfg = Release|x64
		{0F46A2E6-B0C9-4497-AE72-F5EC04C6707D}.Release|x64.Build.0 = Release|x64
		{0F46A2E6-B0C9-4497-AE72-F5EC04C6707D}.Release|x86.ActiveCfg = Release|Win32
		{0F46A2E6-B0C9-4497-AE72-F5EC04C6707D}.Release|x86.Build.0 = Release|Win32
	EndGlobalSection
	GlobalSection(SolutionProperties) = preSolution
		HideSolutionNode = FALSE
	EndGlobalSection
	GlobalSection(ExtensibilityGlobals) = postSolution
		SolutionGuid = {45FFD1D2-3E2A-44BE-BE99-8A16982B32C7}
	EndGlobalSection
EndGlobal
